Microsoft Visual Studio Solution File, Format Version 9.00
# Visual Studio 2005
Project("{8BC9CEB8-8B4A-11D0-8D11-00A0C91BC942}") = "MUSHclient", "MUSHclient\MUSHclient.vcproj", "{A72BFD9B-2A5C-4509-BB92-593FF2C8CE95}"
	ProjectSection(ProjectDependencies) = postProject
		{174C356C-2E1C-4BC2-BD99-12EBB64F69E1} = {174C356C-2E1C-4BC2-BD99-12EBB64F69E1}
		{75D2A5D0-3E0B-4A41-A1DC-F4DED194FD56} = {75D2A5D0-3E0B-4A41-A1DC-F4DED194FD56}
	EndProjectSection
EndProject
Project("{8BC9CEB8-8B4A-11D0-8D11-00A0C91BC942}") = "sqlite3", "sqlite3\sqlite3.vcproj", "{174C356C-2E1C-4BC2-BD99-12EBB64F69E1}"
EndProject
Project("{8BC9CEB8-8B4A-11D0-8D11-00A0C91BC942}") = "zlib", "zlib\zlib.vcproj", "{CB38F7F4-523A-46BF-B97D-0C1C58C9876D}"
EndProject
Project("{8BC9CEB8-8B4A-11D0-8D11-00A0C91BC942}") = "png", "png\png.vcproj", "{75D2A5D0-3E0B-4A41-A1DC-F4DED194FD56}"
EndProject
Project("{8BC9CEB8-8B4A-11D0-8D11-00A0C91BC942}") = "pcre", "pcre\pcre.vcproj", "{2A770730-12DD-4946-8056-48778E61A514}"
EndProject
Project("{8BC9CEB8-8B4A-11D0-8D11-00A0C91BC942}") = "json", "json\json.vcproj", "{2FA4FB4C-CC40-497C-9488-AFD1B73D094C}"
EndProject
Global
	GlobalSection(SolutionConfigurationPlatforms) = preSolution
		Debug|Win32 = Debug|Win32
		Release|Win32 = Release|Win32
	EndGlobalSection
	GlobalSection(ProjectConfigurationPlatforms) = postSolution
		{A72BFD9B-2A5C-4509-BB92-593FF2C8CE95}.Debug|Win32.ActiveCfg = Debug|Win32
		{A72BFD9B-2A5C-4509-BB92-593FF2C8CE95}.Debug|Win32.Build.0 = Debug|Win32
		{A72BFD9B-2A5C-4509-BB92-593FF2C8CE95}.Release|Win32.ActiveCfg = Release|Win32
		{A72BFD9B-2A5C-4509-BB92-593FF2C8CE95}.Release|Win32.Build.0 = Release|Win32
		{174C356C-2E1C-4BC2-BD99-12EBB64F69E1}.Debug|Win32.ActiveCfg = Debug|Win32
		{174C356C-2E1C-4BC2-BD99-12EBB64F69E1}.Debug|Win32.Build.0 = Debug|Win32
		{174C356C-2E1C-4BC2-BD99-12EBB64F69E1}.Release|Win32.ActiveCfg = Release|Win32
		{174C356C-2E1C-4BC2-BD99-12EBB64F69E1}.Release|Win32.Build.0 = Release|Win32
		{CB38F7F4-523A-46BF-B97D-0C1C58C9876D}.Debug|Win32.ActiveCfg = Debug|Win32
		{CB38F7F4-523A-46BF-B97D-0C1C58C9876D}.Debug|Win32.Build.0 = Debug|Win32
		{CB38F7F4-523A-46BF-B97D-0C1C58C9876D}.Release|Win32.ActiveCfg = Release|Win32
		{CB38F7F4-523A-46BF-B97D-0C1C58C9876D}.Release|Win32.Build.0 = Release|Win32
		{75D2A5D0-3E0B-4A41-A1DC-F4DED194FD56}.Debug|Win32.ActiveCfg = Debug|Win32
		{75D2A5D0-3E0B-4A41-A1DC-F4DED194FD56}.Debug|Win32.Build.0 = Debug|Win32
		{75D2A5D0-3E0B-4A41-A1DC-F4DED194FD56}.Release|Win32.ActiveCfg = Release|Win32
		{75D2A5D0-3E0B-4A41-A1DC-F4DED194FD56}.Release|Win32.Build.0 = Release|Win32
		{2A770730-12DD-4946-8056-48778E61A514}.Debug|Win32.ActiveCfg = Debug|Win32
		{2A770730-12DD-4946-8056-48778E61A514}.Debug|Win32.Build.0 = Debug|Win32
		{2A770730-12DD-4946-8056-48778E61A514}.Release|Win32.ActiveCfg = Release|Win32
		{2A770730-12DD-4946-8056-48778E61A514}.Release|Win32.Build.0 = Release|Win32
		{2FA4FB4C-CC40-497C-9488-AFD1B73D094C}.Debug|Win32.ActiveCfg = Debug|Win32
		{2FA4FB4C-CC40-497C-9488-AFD1B73D094C}.Debug|Win32.Build.0 = Debug|Win32
		{2FA4FB4C-CC40-497C-9488-AFD1B73D094C}.Release|Win32.ActiveCfg = Release|Win32
		{2FA4FB4C-CC40-497C-9488-AFD1B73D094C}.Release|Win32.Build.0 = Release|Win32
	EndGlobalSection
	GlobalSection(SolutionProperties) = preSolution
		HideSolutionNode = FALSE
	EndGlobalSection
EndGlobal
