Microsoft Visual Studio Solution File, Format Version 9.00
# Visual Studio 2005
Project("{8BC9CEB8-8B4A-11D0-8D11-00A0C91BC942}") = "MUSHclient", "MUSHclient\MUSHclient.vcproj", "{A72BFD9B-2A5C-4509-BB92-593FF2C8CE95}"
	ProjectSection(ProjectDependencies) = postProject
		{174C356C-2E1C-4BC2-BD99-12EBB64F69E1} = {174C356C-2E1C-4BC2-BD99-12EBB64F69E1}
	EndProjectSection
EndProject
Project("{8BC9CEB8-8B4A-11D0-8D11-00A0C91BC942}") = "sqlite3", "sqlite3\sqlite3.vcproj", "{174C356C-2E1C-4BC2-BD99-12EBB64F69E1}"
EndProject
Project("{8BC9CEB8-8B4A-11D0-8D11-00A0C91BC942}") = "zlib", "zlib\zlib.vcproj", "{CB38F7F4-523A-46BF-B97D-0C1C58C9876D}"
EndProject
Global
	GlobalSection(SolutionConfigurationPlatforms) = preSolution
		Debug|Win32 = Debug|Win32
		DLL ASM Debug|Win32 = DLL ASM Debug|Win32
		DLL ASM Release|Win32 = DLL ASM Release|Win32
		DLL Debug|Win32 = DLL Debug|Win32
		DLL Release|Win32 = DLL Release|Win32
		LIB ASM Debug|Win32 = LIB ASM Debug|Win32
		LIB ASM Release|Win32 = LIB ASM Release|Win32
		LIB Debug|Win32 = LIB Debug|Win32
		LIB Release|Win32 = LIB Release|Win32
		Release|Win32 = Release|Win32
	EndGlobalSection
	GlobalSection(ProjectConfigurationPlatforms) = postSolution
		{A72BFD9B-2A5C-4509-BB92-593FF2C8CE95}.Debug|Win32.ActiveCfg = Debug|Win32
		{A72BFD9B-2A5C-4509-BB92-593FF2C8CE95}.Debug|Win32.Build.0 = Debug|Win32
		{A72BFD9B-2A5C-4509-BB92-593FF2C8CE95}.DLL ASM Debug|Win32.ActiveCfg = Debug|Win32
		{A72BFD9B-2A5C-4509-BB92-593FF2C8CE95}.DLL ASM Debug|Win32.Build.0 = Debug|Win32
		{A72BFD9B-2A5C-4509-BB92-593FF2C8CE95}.DLL ASM Release|Win32.ActiveCfg = Release|Win32
		{A72BFD9B-2A5C-4509-BB92-593FF2C8CE95}.DLL ASM Release|Win32.Build.0 = Release|Win32
		{A72BFD9B-2A5C-4509-BB92-593FF2C8CE95}.DLL Debug|Win32.ActiveCfg = Debug|Win32
		{A72BFD9B-2A5C-4509-BB92-593FF2C8CE95}.DLL Debug|Win32.Build.0 = Debug|Win32
		{A72BFD9B-2A5C-4509-BB92-593FF2C8CE95}.DLL Release|Win32.ActiveCfg = Release|Win32
		{A72BFD9B-2A5C-4509-BB92-593FF2C8CE95}.DLL Release|Win32.Build.0 = Release|Win32
		{A72BFD9B-2A5C-4509-BB92-593FF2C8CE95}.LIB ASM Debug|Win32.ActiveCfg = Debug|Win32
		{A72BFD9B-2A5C-4509-BB92-593FF2C8CE95}.LIB ASM Debug|Win32.Build.0 = Debug|Win32
		{A72BFD9B-2A5C-4509-BB92-593FF2C8CE95}.LIB ASM Release|Win32.ActiveCfg = Release|Win32
		{A72BFD9B-2A5C-4509-BB92-593FF2C8CE95}.LIB ASM Release|Win32.Build.0 = Release|Win32
		{A72BFD9B-2A5C-4509-BB92-593FF2C8CE95}.LIB Debug|Win32.ActiveCfg = Debug|Win32
		{A72BFD9B-2A5C-4509-BB92-593FF2C8CE95}.LIB Debug|Win32.Build.0 = Debug|Win32
		{A72BFD9B-2A5C-4509-BB92-593FF2C8CE95}.LIB Release|Win32.ActiveCfg = Release|Win32
		{A72BFD9B-2A5C-4509-BB92-593FF2C8CE95}.LIB Release|Win32.Build.0 = Release|Win32
		{A72BFD9B-2A5C-4509-BB92-593FF2C8CE95}.Release|Win32.ActiveCfg = Release|Win32
		{A72BFD9B-2A5C-4509-BB92-593FF2C8CE95}.Release|Win32.Build.0 = Release|Win32
		{174C356C-2E1C-4BC2-BD99-12EBB64F69E1}.Debug|Win32.ActiveCfg = Debug|Win32
		{174C356C-2E1C-4BC2-BD99-12EBB64F69E1}.Debug|Win32.Build.0 = Debug|Win32
		{174C356C-2E1C-4BC2-BD99-12EBB64F69E1}.DLL ASM Debug|Win32.ActiveCfg = Debug|Win32
		{174C356C-2E1C-4BC2-BD99-12EBB64F69E1}.DLL ASM Debug|Win32.Build.0 = Debug|Win32
		{174C356C-2E1C-4BC2-BD99-12EBB64F69E1}.DLL ASM Release|Win32.ActiveCfg = Release|Win32
		{174C356C-2E1C-4BC2-BD99-12EBB64F69E1}.DLL ASM Release|Win32.Build.0 = Release|Win32
		{174C356C-2E1C-4BC2-BD99-12EBB64F69E1}.DLL Debug|Win32.ActiveCfg = Debug|Win32
		{174C356C-2E1C-4BC2-BD99-12EBB64F69E1}.DLL Debug|Win32.Build.0 = Debug|Win32
		{174C356C-2E1C-4BC2-BD99-12EBB64F69E1}.DLL Release|Win32.ActiveCfg = Release|Win32
		{174C356C-2E1C-4BC2-BD99-12EBB64F69E1}.DLL Release|Win32.Build.0 = Release|Win32
		{174C356C-2E1C-4BC2-BD99-12EBB64F69E1}.LIB ASM Debug|Win32.ActiveCfg = Debug|Win32
		{174C356C-2E1C-4BC2-BD99-12EBB64F69E1}.LIB ASM Debug|Win32.Build.0 = Debug|Win32
		{174C356C-2E1C-4BC2-BD99-12EBB64F69E1}.LIB ASM Release|Win32.ActiveCfg = Release|Win32
		{174C356C-2E1C-4BC2-BD99-12EBB64F69E1}.LIB ASM Release|Win32.Build.0 = Release|Win32
		{174C356C-2E1C-4BC2-BD99-12EBB64F69E1}.LIB Debug|Win32.ActiveCfg = Debug|Win32
		{174C356C-2E1C-4BC2-BD99-12EBB64F69E1}.LIB Debug|Win32.Build.0 = Debug|Win32
		{174C356C-2E1C-4BC2-BD99-12EBB64F69E1}.LIB Release|Win32.ActiveCfg = Release|Win32
		{174C356C-2E1C-4BC2-BD99-12EBB64F69E1}.LIB Release|Win32.Build.0 = Release|Win32
		{174C356C-2E1C-4BC2-BD99-12EBB64F69E1}.Release|Win32.ActiveCfg = Release|Win32
		{174C356C-2E1C-4BC2-BD99-12EBB64F69E1}.Release|Win32.Build.0 = Release|Win32
		{CB38F7F4-523A-46BF-B97D-0C1C58C9876D}.Debug|Win32.ActiveCfg = Debug|Win32
		{CB38F7F4-523A-46BF-B97D-0C1C58C9876D}.Debug|Win32.Build.0 = Debug|Win32
		{CB38F7F4-523A-46BF-B97D-0C1C58C9876D}.DLL ASM Debug|Win32.ActiveCfg = Debug|Win32
		{CB38F7F4-523A-46BF-B97D-0C1C58C9876D}.DLL ASM Debug|Win32.Build.0 = Debug|Win32
		{CB38F7F4-523A-46BF-B97D-0C1C58C9876D}.DLL ASM Release|Win32.ActiveCfg = Release|Win32
		{CB38F7F4-523A-46BF-B97D-0C1C58C9876D}.DLL ASM Release|Win32.Build.0 = Release|Win32
		{CB38F7F4-523A-46BF-B97D-0C1C58C9876D}.DLL Debug|Win32.ActiveCfg = Debug|Win32
		{CB38F7F4-523A-46BF-B97D-0C1C58C9876D}.DLL Debug|Win32.Build.0 = Debug|Win32
		{CB38F7F4-523A-46BF-B97D-0C1C58C9876D}.DLL Release|Win32.ActiveCfg = Release|Win32
		{CB38F7F4-523A-46BF-B97D-0C1C58C9876D}.DLL Release|Win32.Build.0 = Release|Win32
		{CB38F7F4-523A-46BF-B97D-0C1C58C9876D}.LIB ASM Debug|Win32.ActiveCfg = Debug|Win32
		{CB38F7F4-523A-46BF-B97D-0C1C58C9876D}.LIB ASM Debug|Win32.Build.0 = Debug|Win32
		{CB38F7F4-523A-46BF-B97D-0C1C58C9876D}.LIB ASM Release|Win32.ActiveCfg = Release|Win32
		{CB38F7F4-523A-46BF-B97D-0C1C58C9876D}.LIB ASM Release|Win32.Build.0 = Release|Win32
		{CB38F7F4-523A-46BF-B97D-0C1C58C9876D}.LIB Debug|Win32.ActiveCfg = Debug|Win32
		{CB38F7F4-523A-46BF-B97D-0C1C58C9876D}.LIB Debug|Win32.Build.0 = Debug|Win32
		{CB38F7F4-523A-46BF-B97D-0C1C58C9876D}.LIB Release|Win32.ActiveCfg = Release|Win32
		{CB38F7F4-523A-46BF-B97D-0C1C58C9876D}.LIB Release|Win32.Build.0 = Release|Win32
		{CB38F7F4-523A-46BF-B97D-0C1C58C9876D}.Release|Win32.ActiveCfg = Release|Win32
		{CB38F7F4-523A-46BF-B97D-0C1C58C9876D}.Release|Win32.Build.0 = Release|Win32
	EndGlobalSection
	GlobalSection(SolutionProperties) = preSolution
		HideSolutionNode = FALSE
	EndGlobalSection
EndGlobal
